
Microsoft Visual Studio Solution File, Format Version 12.00
# Visual Studio 15
VisualStudioVersion = 15.0.28010.2046
MinimumVisualStudioVersion = 10.0.40219.1
Project("{2150E333-8FDC-42A3-9474-1A3956D46DE8}") = "src", "src", "{42C51FB1-BEE3-4DE4-BD20-C8B53A260AB3}"
EndProject
Project("{2150E333-8FDC-42A3-9474-1A3956D46DE8}") = "docs", "docs", "{010331F8-1C37-4EE7-9EBF-571604FDB8CE}"
EndProject
Project("{2150E333-8FDC-42A3-9474-1A3956D46DE8}") = "tests", "tests", "{6923C66C-FAA0-419D-883C-1B6D4C52E175}"
EndProject
Project("{2150E333-8FDC-42A3-9474-1A3956D46DE8}") = "Infrastructure", "Infrastructure", "{07D533FF-76A3-47AB-B037-10BDA871D027}"
EndProject
Project("{2150E333-8FDC-42A3-9474-1A3956D46DE8}") = "Core", "Core", "{684E700F-E7DD-4AC6-8609-0A78F73EA8BD}"
EndProject
Project("{2150E333-8FDC-42A3-9474-1A3956D46DE8}") = "Web", "Web", "{BED04F95-3DA1-4BFA-B321-232D64A67469}"
EndProject
Project("{9A19103F-16F7-4668-BE54-9A1E7A4F7556}") = "Models", "src\Core\App.Model\Models.csproj", "{42CD76E0-D1D0-4EA1-A9D5-6D2B5BC07ECC}"
EndProject
Project("{9A19103F-16F7-4668-BE54-9A1E7A4F7556}") = "TheDate", "src\Web\App.TheDate\TheDate.csproj", "{A5C5AD71-6111-4045-8FA4-A01261322423}"
EndProject
Project("{9A19103F-16F7-4668-BE54-9A1E7A4F7556}") = "DAO", "src\Infrastructure\App.DAO\DAO.csproj", "{58E98B89-7ECE-47DA-BF06-F1DF01A61000}"
EndProject
Project("{9A19103F-16F7-4668-BE54-9A1E7A4F7556}") = "Services", "src\Core\App.Servies\Services.csproj", "{B197ED17-8507-4FD7-AC81-0E6DD7660B80}"
EndProject
Project("{9A19103F-16F7-4668-BE54-9A1E7A4F7556}") = "Pagination", "src\Core\App.Pagination\Pagination.csproj", "{383701AE-22B3-4B2C-B5BA-2D508528BDA7}"
EndProject
Project("{9A19103F-16F7-4668-BE54-9A1E7A4F7556}") = "Validators", "src\Core\App.Validators\Validators.csproj", "{BEA686D8-611E-478B-8273-8F8CB4A55080}"
EndProject
Project("{9A19103F-16F7-4668-BE54-9A1E7A4F7556}") = "Repositories", "src\Core\App.Repository\Repositories.csproj", "{43080A70-C3C4-44A4-BFD8-155EE03EE806}"
EndProject
Project("{9A19103F-16F7-4668-BE54-9A1E7A4F7556}") = "DAO.Tests", "tests\App.Tests\DAO\DAO.Tests.csproj", "{5469CE57-6A41-41D1-A61E-ADA0BCB6ECBD}"
EndProject
Global
	GlobalSection(SolutionConfigurationPlatforms) = preSolution
		Debug|Any CPU = Debug|Any CPU
		Release|Any CPU = Release|Any CPU
	EndGlobalSection
	GlobalSection(ProjectConfigurationPlatforms) = postSolution
		{42CD76E0-D1D0-4EA1-A9D5-6D2B5BC07ECC}.Debug|Any CPU.ActiveCfg = Debug|Any CPU
		{42CD76E0-D1D0-4EA1-A9D5-6D2B5BC07ECC}.Debug|Any CPU.Build.0 = Debug|Any CPU
		{42CD76E0-D1D0-4EA1-A9D5-6D2B5BC07ECC}.Release|Any CPU.ActiveCfg = Release|Any CPU
		{42CD76E0-D1D0-4EA1-A9D5-6D2B5BC07ECC}.Release|Any CPU.Build.0 = Release|Any CPU
		{A5C5AD71-6111-4045-8FA4-A01261322423}.Debug|Any CPU.ActiveCfg = Debug|Any CPU
		{A5C5AD71-6111-4045-8FA4-A01261322423}.Debug|Any CPU.Build.0 = Debug|Any CPU
		{A5C5AD71-6111-4045-8FA4-A01261322423}.Release|Any CPU.ActiveCfg = Release|Any CPU
		{A5C5AD71-6111-4045-8FA4-A01261322423}.Release|Any CPU.Build.0 = Release|Any CPU
		{58E98B89-7ECE-47DA-BF06-F1DF01A61000}.Debug|Any CPU.ActiveCfg = Debug|Any CPU
		{58E98B89-7ECE-47DA-BF06-F1DF01A61000}.Debug|Any CPU.Build.0 = Debug|Any CPU
		{58E98B89-7ECE-47DA-BF06-F1DF01A61000}.Release|Any CPU.ActiveCfg = Release|Any CPU
		{58E98B89-7ECE-47DA-BF06-F1DF01A61000}.Release|Any CPU.Build.0 = Release|Any CPU
		{B197ED17-8507-4FD7-AC81-0E6DD7660B80}.Debug|Any CPU.ActiveCfg = Debug|Any CPU
		{B197ED17-8507-4FD7-AC81-0E6DD7660B80}.Debug|Any CPU.Build.0 = Debug|Any CPU
		{B197ED17-8507-4FD7-AC81-0E6DD7660B80}.Release|Any CPU.ActiveCfg = Release|Any CPU
		{B197ED17-8507-4FD7-AC81-0E6DD7660B80}.Release|Any CPU.Build.0 = Release|Any CPU
		{383701AE-22B3-4B2C-B5BA-2D508528BDA7}.Debug|Any CPU.ActiveCfg = Debug|Any CPU
		{383701AE-22B3-4B2C-B5BA-2D508528BDA7}.Debug|Any CPU.Build.0 = Debug|Any CPU
		{383701AE-22B3-4B2C-B5BA-2D508528BDA7}.Release|Any CPU.ActiveCfg = Release|Any CPU
		{383701AE-22B3-4B2C-B5BA-2D508528BDA7}.Release|Any CPU.Build.0 = Release|Any CPU
		{BEA686D8-611E-478B-8273-8F8CB4A55080}.Debug|Any CPU.ActiveCfg = Debug|Any CPU
		{BEA686D8-611E-478B-8273-8F8CB4A55080}.Debug|Any CPU.Build.0 = Debug|Any CPU
		{BEA686D8-611E-478B-8273-8F8CB4A55080}.Release|Any CPU.ActiveCfg = Release|Any CPU
		{BEA686D8-611E-478B-8273-8F8CB4A55080}.Release|Any CPU.Build.0 = Release|Any CPU
		{43080A70-C3C4-44A4-BFD8-155EE03EE806}.Debug|Any CPU.ActiveCfg = Debug|Any CPU
		{43080A70-C3C4-44A4-BFD8-155EE03EE806}.Debug|Any CPU.Build.0 = Debug|Any CPU
		{43080A70-C3C4-44A4-BFD8-155EE03EE806}.Release|Any CPU.ActiveCfg = Release|Any CPU
		{43080A70-C3C4-44A4-BFD8-155EE03EE806}.Release|Any CPU.Build.0 = Release|Any CPU
		{5469CE57-6A41-41D1-A61E-ADA0BCB6ECBD}.Debug|Any CPU.ActiveCfg = Debug|Any CPU
		{5469CE57-6A41-41D1-A61E-ADA0BCB6ECBD}.Debug|Any CPU.Build.0 = Debug|Any CPU
		{5469CE57-6A41-41D1-A61E-ADA0BCB6ECBD}.Release|Any CPU.ActiveCfg = Release|Any CPU
		{5469CE57-6A41-41D1-A61E-ADA0BCB6ECBD}.Release|Any CPU.Build.0 = Release|Any CPU
	EndGlobalSection
	GlobalSection(SolutionProperties) = preSolution
		HideSolutionNode = FALSE
	EndGlobalSection
	GlobalSection(NestedProjects) = preSolution
		{07D533FF-76A3-47AB-B037-10BDA871D027} = {42C51FB1-BEE3-4DE4-BD20-C8B53A260AB3}
		{684E700F-E7DD-4AC6-8609-0A78F73EA8BD} = {42C51FB1-BEE3-4DE4-BD20-C8B53A260AB3}
		{BED04F95-3DA1-4BFA-B321-232D64A67469} = {42C51FB1-BEE3-4DE4-BD20-C8B53A260AB3}
		{42CD76E0-D1D0-4EA1-A9D5-6D2B5BC07ECC} = {684E700F-E7DD-4AC6-8609-0A78F73EA8BD}
		{A5C5AD71-6111-4045-8FA4-A01261322423} = {BED04F95-3DA1-4BFA-B321-232D64A67469}
		{58E98B89-7ECE-47DA-BF06-F1DF01A61000} = {07D533FF-76A3-47AB-B037-10BDA871D027}
		{B197ED17-8507-4FD7-AC81-0E6DD7660B80} = {684E700F-E7DD-4AC6-8609-0A78F73EA8BD}
		{383701AE-22B3-4B2C-B5BA-2D508528BDA7} = {684E700F-E7DD-4AC6-8609-0A78F73EA8BD}
		{BEA686D8-611E-478B-8273-8F8CB4A55080} = {684E700F-E7DD-4AC6-8609-0A78F73EA8BD}
		{43080A70-C3C4-44A4-BFD8-155EE03EE806} = {684E700F-E7DD-4AC6-8609-0A78F73EA8BD}
		{5469CE57-6A41-41D1-A61E-ADA0BCB6ECBD} = {6923C66C-FAA0-419D-883C-1B6D4C52E175}
	EndGlobalSection
	GlobalSection(ExtensibilityGlobals) = postSolution
		SolutionGuid = {57331A4C-C140-498A-B4D0-C419AB03A105}
	EndGlobalSection
EndGlobal
